
Microsoft Visual Studio Solution File, Format Version 12.00
# Visual Studio Version 17
VisualStudioVersion = 17.11.35303.130
MinimumVisualStudioVersion = 10.0.40219.1
Project("{FAE04EC0-301F-11D3-BF4B-00C04F79EFBC}") = "PRUEBA COLA CONSOLA", "PRUEBA COLA CONSOLA\PRUEBA COLA CONSOLA.csproj", "{4A4F62A1-73D8-433D-ACC0-35D659695185}"
EndProject
Global
	GlobalSection(SolutionConfigurationPlatforms) = preSolution
		Debug|Any CPU = Debug|Any CPU
		Release|Any CPU = Release|Any CPU
	EndGlobalSection
	GlobalSection(ProjectConfigurationPlatforms) = postSolution
		{4A4F62A1-73D8-433D-ACC0-35D659695185}.Debug|Any CPU.ActiveCfg = Debug|Any CPU
		{4A4F62A1-73D8-433D-ACC0-35D659695185}.Debug|Any CPU.Build.0 = Debug|Any CPU
		{4A4F62A1-73D8-433D-ACC0-35D659695185}.Release|Any CPU.ActiveCfg = Release|Any CPU
		{4A4F62A1-73D8-433D-ACC0-35D659695185}.Release|Any CPU.Build.0 = Release|Any CPU
	EndGlobalSection
	GlobalSection(SolutionProperties) = preSolution
		HideSolutionNode = FALSE
	EndGlobalSection
	GlobalSection(ExtensibilityGlobals) = postSolution
		SolutionGuid = {E549B021-9C6E-49A4-943B-1A4742122140}
	EndGlobalSection
EndGlobal
